// !$*UTF8*$!
{
	archiveVersion = 1;
	classes = {
	};
	objectVersion = 56;
	objects = {

/* Begin PBXBuildFile section */
		6B34B092299FF47500CE7FB1 /* Cust_ID_MonitoringApp.swift in Sources */ = {isa = PBXBuildFile; fileRef = 6B34B091299FF47500CE7FB1 /* Cust_ID_MonitoringApp.swift */; };
		6B34B094299FF47500CE7FB1 /* ContentView.swift in Sources */ = {isa = PBXBuildFile; fileRef = 6B34B093299FF47500CE7FB1 /* ContentView.swift */; };
		6B34B096299FF47700CE7FB1 /* Assets.xcassets in Resources */ = {isa = PBXBuildFile; fileRef = 6B34B095299FF47700CE7FB1 /* Assets.xcassets */; };
		6B34B099299FF47700CE7FB1 /* Preview Assets.xcassets in Resources */ = {isa = PBXBuildFile; fileRef = 6B34B098299FF47700CE7FB1 /* Preview Assets.xcassets */; };
		6B34B0A3299FFB3E00CE7FB1 /* CSVDocument.swift in Sources */ = {isa = PBXBuildFile; fileRef = 6B34B0A2299FFB3E00CE7FB1 /* CSVDocument.swift */; };
		6B34B0A529A0063000CE7FB1 /* ContentViewModel.swift in Sources */ = {isa = PBXBuildFile; fileRef = 6B34B0A429A0063000CE7FB1 /* ContentViewModel.swift */; };
		6B34B0A829A0279D00CE7FB1 /* ProgressTrackerViewComponent.swift in Sources */ = {isa = PBXBuildFile; fileRef = 6B34B0A729A0279D00CE7FB1 /* ProgressTrackerViewComponent.swift */; };
		6B34B0AE29A0305500CE7FB1 /* FileButton.swift in Sources */ = {isa = PBXBuildFile; fileRef = 6B34B0AD29A0305500CE7FB1 /* FileButton.swift */; };
		6B34B0B029A0495E00CE7FB1 /* ErrorView.swift in Sources */ = {isa = PBXBuildFile; fileRef = 6B34B0AF29A0495E00CE7FB1 /* ErrorView.swift */; };
		6B34B0B229A526BE00CE7FB1 /* FileImportIndicator.swift in Sources */ = {isa = PBXBuildFile; fileRef = 6B34B0B129A526BE00CE7FB1 /* FileImportIndicator.swift */; };
		6BD784ED29B12636007D986C /* FileSystemsViewModifier.swift in Sources */ = {isa = PBXBuildFile; fileRef = 6BD784EC29B12636007D986C /* FileSystemsViewModifier.swift */; };
		6BD784FF29B5B4C0007D986C /* ContentViewModel_Tests.swift in Sources */ = {isa = PBXBuildFile; fileRef = 6BD784EF29B5B3A6007D986C /* ContentViewModel_Tests.swift */; };
/* End PBXBuildFile section */

/* Begin PBXContainerItemProxy section */
		6BD784FA29B5B4BD007D986C /* PBXContainerItemProxy */ = {
			isa = PBXContainerItemProxy;
			containerPortal = 6B34B086299FF47500CE7FB1 /* Project object */;
			proxyType = 1;
			remoteGlobalIDString = 6B34B08D299FF47500CE7FB1;
			remoteInfo = "Cust ID Monitoring";
		};
/* End PBXContainerItemProxy section */

/* Begin PBXFileReference section */
		6B34B08E299FF47500CE7FB1 /* Cust ID Monitoring.app */ = {isa = PBXFileReference; explicitFileType = wrapper.application; includeInIndex = 0; path = "Cust ID Monitoring.app"; sourceTree = BUILT_PRODUCTS_DIR; };
		6B34B091299FF47500CE7FB1 /* Cust_ID_MonitoringApp.swift */ = {isa = PBXFileReference; lastKnownFileType = sourcecode.swift; path = Cust_ID_MonitoringApp.swift; sourceTree = "<group>"; };
		6B34B093299FF47500CE7FB1 /* ContentView.swift */ = {isa = PBXFileReference; lastKnownFileType = sourcecode.swift; path = ContentView.swift; sourceTree = "<group>"; };
		6B34B095299FF47700CE7FB1 /* Assets.xcassets */ = {isa = PBXFileReference; lastKnownFileType = folder.assetcatalog; path = Assets.xcassets; sourceTree = "<group>"; };
		6B34B098299FF47700CE7FB1 /* Preview Assets.xcassets */ = {isa = PBXFileReference; lastKnownFileType = folder.assetcatalog; path = "Preview Assets.xcassets"; sourceTree = "<group>"; };
		6B34B09A299FF47700CE7FB1 /* Cust_ID_Monitoring.entitlements */ = {isa = PBXFileReference; lastKnownFileType = text.plist.entitlements; path = Cust_ID_Monitoring.entitlements; sourceTree = "<group>"; };
		6B34B0A2299FFB3E00CE7FB1 /* CSVDocument.swift */ = {isa = PBXFileReference; lastKnownFileType = sourcecode.swift; path = CSVDocument.swift; sourceTree = "<group>"; };
		6B34B0A429A0063000CE7FB1 /* ContentViewModel.swift */ = {isa = PBXFileReference; lastKnownFileType = sourcecode.swift; path = ContentViewModel.swift; sourceTree = "<group>"; };
		6B34B0A729A0279D00CE7FB1 /* ProgressTrackerViewComponent.swift */ = {isa = PBXFileReference; lastKnownFileType = sourcecode.swift; path = ProgressTrackerViewComponent.swift; sourceTree = "<group>"; };
		6B34B0AD29A0305500CE7FB1 /* FileButton.swift */ = {isa = PBXFileReference; lastKnownFileType = sourcecode.swift; path = FileButton.swift; sourceTree = "<group>"; };
		6B34B0AF29A0495E00CE7FB1 /* ErrorView.swift */ = {isa = PBXFileReference; lastKnownFileType = sourcecode.swift; path = ErrorView.swift; sourceTree = "<group>"; };
		6B34B0B129A526BE00CE7FB1 /* FileImportIndicator.swift */ = {isa = PBXFileReference; lastKnownFileType = sourcecode.swift; path = FileImportIndicator.swift; sourceTree = "<group>"; };
		6BD784EC29B12636007D986C /* FileSystemsViewModifier.swift */ = {isa = PBXFileReference; lastKnownFileType = sourcecode.swift; path = FileSystemsViewModifier.swift; sourceTree = "<group>"; };
		6BD784EF29B5B3A6007D986C /* ContentViewModel_Tests.swift */ = {isa = PBXFileReference; lastKnownFileType = sourcecode.swift; path = ContentViewModel_Tests.swift; sourceTree = "<group>"; };
		6BD784F629B5B4BD007D986C /* Cust ID MonitoringTests.xctest */ = {isa = PBXFileReference; explicitFileType = wrapper.cfbundle; includeInIndex = 0; path = "Cust ID MonitoringTests.xctest"; sourceTree = BUILT_PRODUCTS_DIR; };
/* End PBXFileReference section */

/* Begin PBXFrameworksBuildPhase section */
		6B34B08B299FF47500CE7FB1 /* Frameworks */ = {
			isa = PBXFrameworksBuildPhase;
			buildActionMask = 2147483647;
			files = (
			);
			runOnlyForDeploymentPostprocessing = 0;
		};
		6BD784F329B5B4BD007D986C /* Frameworks */ = {
			isa = PBXFrameworksBuildPhase;
			buildActionMask = 2147483647;
			files = (
			);
			runOnlyForDeploymentPostprocessing = 0;
		};
/* End PBXFrameworksBuildPhase section */

/* Begin PBXGroup section */
		6B34B085299FF47500CE7FB1 = {
			isa = PBXGroup;
			children = (
				6B34B090299FF47500CE7FB1 /* Cust ID Monitoring */,
				6BD784F729B5B4BD007D986C /* Cust ID MonitoringTests */,
				6B34B08F299FF47500CE7FB1 /* Products */,
			);
			sourceTree = "<group>";
		};
		6B34B08F299FF47500CE7FB1 /* Products */ = {
			isa = PBXGroup;
			children = (
				6B34B08E299FF47500CE7FB1 /* Cust ID Monitoring.app */,
				6BD784F629B5B4BD007D986C /* Cust ID MonitoringTests.xctest */,
			);
			name = Products;
			sourceTree = "<group>";
		};
		6B34B090299FF47500CE7FB1 /* Cust ID Monitoring */ = {
			isa = PBXGroup;
			children = (
				6B34B091299FF47500CE7FB1 /* Cust_ID_MonitoringApp.swift */,
				6B34B0A2299FFB3E00CE7FB1 /* CSVDocument.swift */,
				6BD784EB29AFCA70007D986C /* Models */,
				6B34B0AB29A02C4700CE7FB1 /* Views */,
				6B34B0AC29A02C6000CE7FB1 /* ViewModels */,
				6B34B095299FF47700CE7FB1 /* Assets.xcassets */,
				6B34B09A299FF47700CE7FB1 /* Cust_ID_Monitoring.entitlements */,
				6B34B097299FF47700CE7FB1 /* Preview Content */,
			);
			path = "Cust ID Monitoring";
			sourceTree = "<group>";
		};
		6B34B097299FF47700CE7FB1 /* Preview Content */ = {
			isa = PBXGroup;
			children = (
				6B34B098299FF47700CE7FB1 /* Preview Assets.xcassets */,
			);
			path = "Preview Content";
			sourceTree = "<group>";
		};
		6B34B0A629A0277F00CE7FB1 /* Components */ = {
			isa = PBXGroup;
			children = (
				6B34B0A729A0279D00CE7FB1 /* ProgressTrackerViewComponent.swift */,
				6B34B0AD29A0305500CE7FB1 /* FileButton.swift */,
				6B34B0B129A526BE00CE7FB1 /* FileImportIndicator.swift */,
			);
			path = Components;
			sourceTree = "<group>";
		};
		6B34B0AB29A02C4700CE7FB1 /* Views */ = {
			isa = PBXGroup;
			children = (
				6B34B093299FF47500CE7FB1 /* ContentView.swift */,
				6B34B0AF29A0495E00CE7FB1 /* ErrorView.swift */,
				6B34B0A629A0277F00CE7FB1 /* Components */,
				6BD784EE29B1264B007D986C /* ViewModifiers */,
			);
			path = Views;
			sourceTree = "<group>";
		};
		6B34B0AC29A02C6000CE7FB1 /* ViewModels */ = {
			isa = PBXGroup;
			children = (
				6B34B0A429A0063000CE7FB1 /* ContentViewModel.swift */,
			);
			path = ViewModels;
			sourceTree = "<group>";
		};
		6BD784EB29AFCA70007D986C /* Models */ = {
			isa = PBXGroup;
			children = (
			);
			path = Models;
			sourceTree = "<group>";
		};
		6BD784EE29B1264B007D986C /* ViewModifiers */ = {
			isa = PBXGroup;
			children = (
				6BD784EC29B12636007D986C /* FileSystemsViewModifier.swift */,
			);
			path = ViewModifiers;
			sourceTree = "<group>";
		};
		6BD784F729B5B4BD007D986C /* Cust ID MonitoringTests */ = {
			isa = PBXGroup;
			children = (
				6BD784EF29B5B3A6007D986C /* ContentViewModel_Tests.swift */,
			);
			path = "Cust ID MonitoringTests";
			sourceTree = "<group>";
		};
/* End PBXGroup section */

/* Begin PBXNativeTarget section */
		6B34B08D299FF47500CE7FB1 /* Cust ID Monitoring */ = {
			isa = PBXNativeTarget;
			buildConfigurationList = 6B34B09D299FF47700CE7FB1 /* Build configuration list for PBXNativeTarget "Cust ID Monitoring" */;
			buildPhases = (
				6B34B08A299FF47500CE7FB1 /* Sources */,
				6B34B08B299FF47500CE7FB1 /* Frameworks */,
				6B34B08C299FF47500CE7FB1 /* Resources */,
			);
			buildRules = (
			);
			dependencies = (
			);
			name = "Cust ID Monitoring";
			productName = "Cust ID Monitoring";
			productReference = 6B34B08E299FF47500CE7FB1 /* Cust ID Monitoring.app */;
			productType = "com.apple.product-type.application";
		};
		6BD784F529B5B4BD007D986C /* Cust ID MonitoringTests */ = {
			isa = PBXNativeTarget;
			buildConfigurationList = 6BD784FC29B5B4BD007D986C /* Build configuration list for PBXNativeTarget "Cust ID MonitoringTests" */;
			buildPhases = (
				6BD784F229B5B4BD007D986C /* Sources */,
				6BD784F329B5B4BD007D986C /* Frameworks */,
				6BD784F429B5B4BD007D986C /* Resources */,
			);
			buildRules = (
			);
			dependencies = (
				6BD784FB29B5B4BD007D986C /* PBXTargetDependency */,
			);
			name = "Cust ID MonitoringTests";
			productName = "Cust ID MonitoringTests";
			productReference = 6BD784F629B5B4BD007D986C /* Cust ID MonitoringTests.xctest */;
			productType = "com.apple.product-type.bundle.unit-test";
		};
/* End PBXNativeTarget section */

/* Begin PBXProject section */
		6B34B086299FF47500CE7FB1 /* Project object */ = {
			isa = PBXProject;
			attributes = {
				BuildIndependentTargetsInParallel = 1;
				LastSwiftUpdateCheck = 1420;
				LastUpgradeCheck = 1420;
				TargetAttributes = {
					6B34B08D299FF47500CE7FB1 = {
						CreatedOnToolsVersion = 14.2;
					};
					6BD784F529B5B4BD007D986C = {
						CreatedOnToolsVersion = 14.2;
						TestTargetID = 6B34B08D299FF47500CE7FB1;
					};
				};
			};
			buildConfigurationList = 6B34B089299FF47500CE7FB1 /* Build configuration list for PBXProject "Cust ID Monitoring" */;
			compatibilityVersion = "Xcode 14.0";
			developmentRegion = en;
			hasScannedForEncodings = 0;
			knownRegions = (
				en,
				Base,
			);
			mainGroup = 6B34B085299FF47500CE7FB1;
			productRefGroup = 6B34B08F299FF47500CE7FB1 /* Products */;
			projectDirPath = "";
			projectRoot = "";
			targets = (
				6B34B08D299FF47500CE7FB1 /* Cust ID Monitoring */,
				6BD784F529B5B4BD007D986C /* Cust ID MonitoringTests */,
			);
		};
/* End PBXProject section */

/* Begin PBXResourcesBuildPhase section */
		6B34B08C299FF47500CE7FB1 /* Resources */ = {
			isa = PBXResourcesBuildPhase;
			buildActionMask = 2147483647;
			files = (
				6B34B099299FF47700CE7FB1 /* Preview Assets.xcassets in Resources */,
				6B34B096299FF47700CE7FB1 /* Assets.xcassets in Resources */,
			);
			runOnlyForDeploymentPostprocessing = 0;
		};
		6BD784F429B5B4BD007D986C /* Resources */ = {
			isa = PBXResourcesBuildPhase;
			buildActionMask = 2147483647;
			files = (
			);
			runOnlyForDeploymentPostprocessing = 0;
		};
/* End PBXResourcesBuildPhase section */

/* Begin PBXSourcesBuildPhase section */
		6B34B08A299FF47500CE7FB1 /* Sources */ = {
			isa = PBXSourcesBuildPhase;
			buildActionMask = 2147483647;
			files = (
				6B34B0A529A0063000CE7FB1 /* ContentViewModel.swift in Sources */,
				6BD784ED29B12636007D986C /* FileSystemsViewModifier.swift in Sources */,
				6B34B0AE29A0305500CE7FB1 /* FileButton.swift in Sources */,
				6B34B094299FF47500CE7FB1 /* ContentView.swift in Sources */,
				6B34B0A3299FFB3E00CE7FB1 /* CSVDocument.swift in Sources */,
				6B34B0B229A526BE00CE7FB1 /* FileImportIndicator.swift in Sources */,
				6B34B0B029A0495E00CE7FB1 /* ErrorView.swift in Sources */,
				6B34B0A829A0279D00CE7FB1 /* ProgressTrackerViewComponent.swift in Sources */,
				6B34B092299FF47500CE7FB1 /* Cust_ID_MonitoringApp.swift in Sources */,
			);
			runOnlyForDeploymentPostprocessing = 0;
		};
		6BD784F229B5B4BD007D986C /* Sources */ = {
			isa = PBXSourcesBuildPhase;
			buildActionMask = 2147483647;
			files = (
				6BD784FF29B5B4C0007D986C /* ContentViewModel_Tests.swift in Sources */,
			);
			runOnlyForDeploymentPostprocessing = 0;
		};
/* End PBXSourcesBuildPhase section */

/* Begin PBXTargetDependency section */
		6BD784FB29B5B4BD007D986C /* PBXTargetDependency */ = {
			isa = PBXTargetDependency;
			target = 6B34B08D299FF47500CE7FB1 /* Cust ID Monitoring */;
			targetProxy = 6BD784FA29B5B4BD007D986C /* PBXContainerItemProxy */;
		};
/* End PBXTargetDependency section */

/* Begin XCBuildConfiguration section */
		6B34B09B299FF47700CE7FB1 /* Debug */ = {
			isa = XCBuildConfiguration;
			buildSettings = {
				ALWAYS_SEARCH_USER_PATHS = NO;
				CLANG_ANALYZER_NONNULL = YES;
				CLANG_ANALYZER_NUMBER_OBJECT_CONVERSION = YES_AGGRESSIVE;
				CLANG_CXX_LANGUAGE_STANDARD = "gnu++20";
				CLANG_ENABLE_MODULES = YES;
				CLANG_ENABLE_OBJC_ARC = YES;
				CLANG_ENABLE_OBJC_WEAK = YES;
				CLANG_WARN_BLOCK_CAPTURE_AUTORELEASING = YES;
				CLANG_WARN_BOOL_CONVERSION = YES;
				CLANG_WARN_COMMA = YES;
				CLANG_WARN_CONSTANT_CONVERSION = YES;
				CLANG_WARN_DEPRECATED_OBJC_IMPLEMENTATIONS = YES;
				CLANG_WARN_DIRECT_OBJC_ISA_USAGE = YES_ERROR;
				CLANG_WARN_DOCUMENTATION_COMMENTS = YES;
				CLANG_WARN_EMPTY_BODY = YES;
				CLANG_WARN_ENUM_CONVERSION = YES;
				CLANG_WARN_INFINITE_RECURSION = YES;
				CLANG_WARN_INT_CONVERSION = YES;
				CLANG_WARN_NON_LITERAL_NULL_CONVERSION = YES;
				CLANG_WARN_OBJC_IMPLICIT_RETAIN_SELF = YES;
				CLANG_WARN_OBJC_LITERAL_CONVERSION = YES;
				CLANG_WARN_OBJC_ROOT_CLASS = YES_ERROR;
				CLANG_WARN_QUOTED_INCLUDE_IN_FRAMEWORK_HEADER = YES;
				CLANG_WARN_RANGE_LOOP_ANALYSIS = YES;
				CLANG_WARN_STRICT_PROTOTYPES = YES;
				CLANG_WARN_SUSPICIOUS_MOVE = YES;
				CLANG_WARN_UNGUARDED_AVAILABILITY = YES_AGGRESSIVE;
				CLANG_WARN_UNREACHABLE_CODE = YES;
				CLANG_WARN__DUPLICATE_METHOD_MATCH = YES;
				COPY_PHASE_STRIP = NO;
				DEBUG_INFORMATION_FORMAT = dwarf;
				ENABLE_STRICT_OBJC_MSGSEND = YES;
				ENABLE_TESTABILITY = YES;
				GCC_C_LANGUAGE_STANDARD = gnu11;
				GCC_DYNAMIC_NO_PIC = NO;
				GCC_NO_COMMON_BLOCKS = YES;
				GCC_OPTIMIZATION_LEVEL = 0;
				GCC_PREPROCESSOR_DEFINITIONS = (
					"DEBUG=1",
					"$(inherited)",
				);
				GCC_WARN_64_TO_32_BIT_CONVERSION = YES;
				GCC_WARN_ABOUT_RETURN_TYPE = YES_ERROR;
				GCC_WARN_UNDECLARED_SELECTOR = YES;
				GCC_WARN_UNINITIALIZED_AUTOS = YES_AGGRESSIVE;
				GCC_WARN_UNUSED_FUNCTION = YES;
				GCC_WARN_UNUSED_VARIABLE = YES;
				MACOSX_DEPLOYMENT_TARGET = 13.1;
				MTL_ENABLE_DEBUG_INFO = INCLUDE_SOURCE;
				MTL_FAST_MATH = YES;
				ONLY_ACTIVE_ARCH = YES;
				SDKROOT = macosx;
				SWIFT_ACTIVE_COMPILATION_CONDITIONS = DEBUG;
				SWIFT_OPTIMIZATION_LEVEL = "-Onone";
			};
			name = Debug;
		};
		6B34B09C299FF47700CE7FB1 /* Release */ = {
			isa = XCBuildConfiguration;
			buildSettings = {
				ALWAYS_SEARCH_USER_PATHS = NO;
				CLANG_ANALYZER_NONNULL = YES;
				CLANG_ANALYZER_NUMBER_OBJECT_CONVERSION = YES_AGGRESSIVE;
				CLANG_CXX_LANGUAGE_STANDARD = "gnu++20";
				CLANG_ENABLE_MODULES = YES;
				CLANG_ENABLE_OBJC_ARC = YES;
				CLANG_ENABLE_OBJC_WEAK = YES;
				CLANG_WARN_BLOCK_CAPTURE_AUTORELEASING = YES;
				CLANG_WARN_BOOL_CONVERSION = YES;
				CLANG_WARN_COMMA = YES;
				CLANG_WARN_CONSTANT_CONVERSION = YES;
				CLANG_WARN_DEPRECATED_OBJC_IMPLEMENTATIONS = YES;
				CLANG_WARN_DIRECT_OBJC_ISA_USAGE = YES_ERROR;
				CLANG_WARN_DOCUMENTATION_COMMENTS = YES;
				CLANG_WARN_EMPTY_BODY = YES;
				CLANG_WARN_ENUM_CONVERSION = YES;
				CLANG_WARN_INFINITE_RECURSION = YES;
				CLANG_WARN_INT_CONVERSION = YES;
				CLANG_WARN_NON_LITERAL_NULL_CONVERSION = YES;
				CLANG_WARN_OBJC_IMPLICIT_RETAIN_SELF = YES;
				CLANG_WARN_OBJC_LITERAL_CONVERSION = YES;
				CLANG_WARN_OBJC_ROOT_CLASS = YES_ERROR;
				CLANG_WARN_QUOTED_INCLUDE_IN_FRAMEWORK_HEADER = YES;
				CLANG_WARN_RANGE_LOOP_ANALYSIS = YES;
				CLANG_WARN_STRICT_PROTOTYPES = YES;
				CLANG_WARN_SUSPICIOUS_MOVE = YES;
				CLANG_WARN_UNGUARDED_AVAILABILITY = YES_AGGRESSIVE;
				CLANG_WARN_UNREACHABLE_CODE = YES;
				CLANG_WARN__DUPLICATE_METHOD_MATCH = YES;
				COPY_PHASE_STRIP = NO;
				DEBUG_INFORMATION_FORMAT = "dwarf-with-dsym";
				ENABLE_NS_ASSERTIONS = NO;
				ENABLE_STRICT_OBJC_MSGSEND = YES;
				GCC_C_LANGUAGE_STANDARD = gnu11;
				GCC_NO_COMMON_BLOCKS = YES;
				GCC_WARN_64_TO_32_BIT_CONVERSION = YES;
				GCC_WARN_ABOUT_RETURN_TYPE = YES_ERROR;
				GCC_WARN_UNDECLARED_SELECTOR = YES;
				GCC_WARN_UNINITIALIZED_AUTOS = YES_AGGRESSIVE;
				GCC_WARN_UNUSED_FUNCTION = YES;
				GCC_WARN_UNUSED_VARIABLE = YES;
				MACOSX_DEPLOYMENT_TARGET = 13.1;
				MTL_ENABLE_DEBUG_INFO = NO;
				MTL_FAST_MATH = YES;
				SDKROOT = macosx;
				SWIFT_COMPILATION_MODE = wholemodule;
				SWIFT_OPTIMIZATION_LEVEL = "-O";
			};
			name = Release;
		};
		6B34B09E299FF47700CE7FB1 /* Debug */ = {
			isa = XCBuildConfiguration;
			buildSettings = {
				ASSETCATALOG_COMPILER_APPICON_NAME = AppIcon;
				ASSETCATALOG_COMPILER_GLOBAL_ACCENT_COLOR_NAME = AccentColor;
				CODE_SIGN_ENTITLEMENTS = "Cust ID Monitoring/Cust_ID_Monitoring.entitlements";
				CODE_SIGN_STYLE = Automatic;
				COMBINE_HIDPI_IMAGES = YES;
				CURRENT_PROJECT_VERSION = 1;
				DEVELOPMENT_ASSET_PATHS = "\"Cust ID Monitoring/Preview Content\"";
				DEVELOPMENT_TEAM = F96TJRTX3X;
				ENABLE_HARDENED_RUNTIME = YES;
				ENABLE_PREVIEWS = YES;
				GENERATE_INFOPLIST_FILE = YES;
				INFOPLIST_KEY_NSHumanReadableCopyright = "";
				LD_RUNPATH_SEARCH_PATHS = (
					"$(inherited)",
					"@executable_path/../Frameworks",
				);
				MARKETING_VERSION = 1.0;
				PRODUCT_BUNDLE_IDENTIFIER = "derekhowes.Cust-ID-Monitoring";
				PRODUCT_NAME = "$(TARGET_NAME)";
				SWIFT_EMIT_LOC_STRINGS = YES;
				SWIFT_VERSION = 5.0;
			};
			name = Debug;
		};
		6B34B09F299FF47700CE7FB1 /* Release */ = {
			isa = XCBuildConfiguration;
			buildSettings = {
				ASSETCATALOG_COMPILER_APPICON_NAME = AppIcon;
				ASSETCATALOG_COMPILER_GLOBAL_ACCENT_COLOR_NAME = AccentColor;
				CODE_SIGN_ENTITLEMENTS = "Cust ID Monitoring/Cust_ID_Monitoring.entitlements";
				CODE_SIGN_STYLE = Automatic;
				COMBINE_HIDPI_IMAGES = YES;
				CURRENT_PROJECT_VERSION = 1;
				DEVELOPMENT_ASSET_PATHS = "\"Cust ID Monitoring/Preview Content\"";
				DEVELOPMENT_TEAM = F96TJRTX3X;
				ENABLE_HARDENED_RUNTIME = YES;
				ENABLE_PREVIEWS = YES;
				GENERATE_INFOPLIST_FILE = YES;
				INFOPLIST_KEY_NSHumanReadableCopyright = "";
				LD_RUNPATH_SEARCH_PATHS = (
					"$(inherited)",
					"@executable_path/../Frameworks",
				);
				MARKETING_VERSION = 1.0;
				PRODUCT_BUNDLE_IDENTIFIER = "derekhowes.Cust-ID-Monitoring";
				PRODUCT_NAME = "$(TARGET_NAME)";
				SWIFT_EMIT_LOC_STRINGS = YES;
				SWIFT_VERSION = 5.0;
			};
			name = Release;
		};
		6BD784FD29B5B4BD007D986C /* Debug */ = {
			isa = XCBuildConfiguration;
			buildSettings = {
				BUNDLE_LOADER = "$(TEST_HOST)";
				CODE_SIGN_STYLE = Automatic;
				CURRENT_PROJECT_VERSION = 1;
				DEVELOPMENT_TEAM = F96TJRTX3X;
				GENERATE_INFOPLIST_FILE = YES;
				MARKETING_VERSION = 1.0;
				PRODUCT_BUNDLE_IDENTIFIER = "derekhowes.Cust-ID-MonitoringTests";
				PRODUCT_NAME = "$(TARGET_NAME)";
				SWIFT_EMIT_LOC_STRINGS = NO;
				SWIFT_VERSION = 5.0;
				TEST_HOST = "$(BUILT_PRODUCTS_DIR)/Cust ID Monitoring.app/$(BUNDLE_EXECUTABLE_FOLDER_PATH)/Cust ID Monitoring";
			};
			name = Debug;
		};
		6BD784FE29B5B4BD007D986C /* Release */ = {
			isa = XCBuildConfiguration;
			buildSettings = {
				BUNDLE_LOADER = "$(TEST_HOST)";
				CODE_SIGN_STYLE = Automatic;
				CURRENT_PROJECT_VERSION = 1;
				DEVELOPMENT_TEAM = F96TJRTX3X;
				GENERATE_INFOPLIST_FILE = YES;
				MARKETING_VERSION = 1.0;
				PRODUCT_BUNDLE_IDENTIFIER = "derekhowes.Cust-ID-MonitoringTests";
				PRODUCT_NAME = "$(TARGET_NAME)";
				SWIFT_EMIT_LOC_STRINGS = NO;
				SWIFT_VERSION = 5.0;
				TEST_HOST = "$(BUILT_PRODUCTS_DIR)/Cust ID Monitoring.app/$(BUNDLE_EXECUTABLE_FOLDER_PATH)/Cust ID Monitoring";
			};
			name = Release;
		};
/* End XCBuildConfiguration section */

/* Begin XCConfigurationList section */
		6B34B089299FF47500CE7FB1 /* Build configuration list for PBXProject "Cust ID Monitoring" */ = {
			isa = XCConfigurationList;
			buildConfigurations = (
				6B34B09B299FF47700CE7FB1 /* Debug */,
				6B34B09C299FF47700CE7FB1 /* Release */,
			);
			defaultConfigurationIsVisible = 0;
			defaultConfigurationName = Release;
		};
		6B34B09D299FF47700CE7FB1 /* Build configuration list for PBXNativeTarget "Cust ID Monitoring" */ = {
			isa = XCConfigurationList;
			buildConfigurations = (
				6B34B09E299FF47700CE7FB1 /* Debug */,
				6B34B09F299FF47700CE7FB1 /* Release */,
			);
			defaultConfigurationIsVisible = 0;
			defaultConfigurationName = Release;
		};
		6BD784FC29B5B4BD007D986C /* Build configuration list for PBXNativeTarget "Cust ID MonitoringTests" */ = {
			isa = XCConfigurationList;
			buildConfigurations = (
				6BD784FD29B5B4BD007D986C /* Debug */,
				6BD784FE29B5B4BD007D986C /* Release */,
			);
			defaultConfigurationIsVisible = 0;
			defaultConfigurationName = Release;
		};
/* End XCConfigurationList section */
	};
	rootObject = 6B34B086299FF47500CE7FB1 /* Project object */;
}
